// !$*UTF8*$!
{
	archiveVersion = 1;
	classes = {
	};
	objectVersion = 77;
	objects = {

/* Begin PBXBuildFile section */
		0856EA51C44E34FDA718DAE5 /* ReceivedCardsView.swift in Sources */ = {isa = PBXBuildFile; fileRef = B770527BE8C34D743D83CC86 /* ReceivedCardsView.swift */; };
		14361BD3D163F5B418BC1D9E /* ContactsService.swift in Sources */ = {isa = PBXBuildFile; fileRef = F21B40C2458885716F9FFACF /* ContactsService.swift */; };
		1A17CD52A686B061B18792FB /* CardPreviewView.swift in Sources */ = {isa = PBXBuildFile; fileRef = 678FA74B2A9F9EE75F85DB4A /* CardPreviewView.swift */; };
		1F553BC42CEBF141725F92FA /* SettingsView.swift in Sources */ = {isa = PBXBuildFile; fileRef = 2F8471DDC22D9BDF440FB431 /* SettingsView.swift */; };
		213698EB86DE745D49E75A62 /* Assets.xcassets in Resources */ = {isa = PBXBuildFile; fileRef = 03EBB0C2801A5659B679DAF1 /* Assets.xcassets */; };
		3803DC5028930B0655031256 /* BusinessCard.swift in Sources */ = {isa = PBXBuildFile; fileRef = B30C7FC0E2236307B5CE94B4 /* BusinessCard.swift */; };
		6DFEE41C920C5BD92FA944D9 /* ReceivedContact.swift in Sources */ = {isa = PBXBuildFile; fileRef = D3C6C0766FF615CC87D9B306 /* ReceivedContact.swift */; };
		82189106E477ACECDA9DF78C /* ContentView.swift in Sources */ = {isa = PBXBuildFile; fileRef = 1734F2FA8725752664126DF9 /* ContentView.swift */; };
		A33353A119310E1ECCA31506 /* MyCardsView.swift in Sources */ = {isa = PBXBuildFile; fileRef = 897B542F1003CDC1EF2077B8 /* MyCardsView.swift */; };
		A6B0D9880B53B0201D683667 /* CardEditorView.swift in Sources */ = {isa = PBXBuildFile; fileRef = 145C50B929450D79EDE36283 /* CardEditorView.swift */; };
		B07B32B98B3C69CDD5537E18 /* CardProApp.swift in Sources */ = {isa = PBXBuildFile; fileRef = 988BC52E348CB9BC7340868B /* CardProApp.swift */; };
		EAAD352DB3CD4E0648410A38 /* NFCService.swift in Sources */ = {isa = PBXBuildFile; fileRef = 512E7C56D2FD953887BA82A2 /* NFCService.swift */; };
		F615356A472646905892F037 /* ShareSheet.swift in Sources */ = {isa = PBXBuildFile; fileRef = EAE4F1FDD7991DFC4CC3D1AF /* ShareSheet.swift */; };
/* End PBXBuildFile section */

/* Begin PBXFileReference section */
		03EBB0C2801A5659B679DAF1 /* Assets.xcassets */ = {isa = PBXFileReference; lastKnownFileType = folder.assetcatalog; path = Assets.xcassets; sourceTree = "<group>"; };
		145C50B929450D79EDE36283 /* CardEditorView.swift */ = {isa = PBXFileReference; lastKnownFileType = sourcecode.swift; path = CardEditorView.swift; sourceTree = "<group>"; };
		1734F2FA8725752664126DF9 /* ContentView.swift */ = {isa = PBXFileReference; lastKnownFileType = sourcecode.swift; path = ContentView.swift; sourceTree = "<group>"; };
		2B7DCEDD6A592ED0D90A27DD /* CardPro.app */ = {isa = PBXFileReference; includeInIndex = 0; lastKnownFileType = wrapper.application; path = CardPro.app; sourceTree = BUILT_PRODUCTS_DIR; };
		2F8471DDC22D9BDF440FB431 /* SettingsView.swift */ = {isa = PBXFileReference; lastKnownFileType = sourcecode.swift; path = SettingsView.swift; sourceTree = "<group>"; };
		512E7C56D2FD953887BA82A2 /* NFCService.swift */ = {isa = PBXFileReference; lastKnownFileType = sourcecode.swift; path = NFCService.swift; sourceTree = "<group>"; };
		678FA74B2A9F9EE75F85DB4A /* CardPreviewView.swift */ = {isa = PBXFileReference; lastKnownFileType = sourcecode.swift; path = CardPreviewView.swift; sourceTree = "<group>"; };
		897B542F1003CDC1EF2077B8 /* MyCardsView.swift */ = {isa = PBXFileReference; lastKnownFileType = sourcecode.swift; path = MyCardsView.swift; sourceTree = "<group>"; };
		9330608E43B74A95E9604D91 /* CardPro.entitlements */ = {isa = PBXFileReference; lastKnownFileType = text.plist.entitlements; path = CardPro.entitlements; sourceTree = "<group>"; };
		988BC52E348CB9BC7340868B /* CardProApp.swift */ = {isa = PBXFileReference; lastKnownFileType = sourcecode.swift; path = CardProApp.swift; sourceTree = "<group>"; };
		B30C7FC0E2236307B5CE94B4 /* BusinessCard.swift */ = {isa = PBXFileReference; lastKnownFileType = sourcecode.swift; path = BusinessCard.swift; sourceTree = "<group>"; };
		B770527BE8C34D743D83CC86 /* ReceivedCardsView.swift */ = {isa = PBXFileReference; lastKnownFileType = sourcecode.swift; path = ReceivedCardsView.swift; sourceTree = "<group>"; };
		D3C6C0766FF615CC87D9B306 /* ReceivedContact.swift */ = {isa = PBXFileReference; lastKnownFileType = sourcecode.swift; path = ReceivedContact.swift; sourceTree = "<group>"; };
		EAE4F1FDD7991DFC4CC3D1AF /* ShareSheet.swift */ = {isa = PBXFileReference; lastKnownFileType = sourcecode.swift; path = ShareSheet.swift; sourceTree = "<group>"; };
		F21B40C2458885716F9FFACF /* ContactsService.swift */ = {isa = PBXFileReference; lastKnownFileType = sourcecode.swift; path = ContactsService.swift; sourceTree = "<group>"; };
		FBBBA32929D7BBB36F0C12E3 /* Info.plist */ = {isa = PBXFileReference; lastKnownFileType = text.plist; path = Info.plist; sourceTree = "<group>"; };
/* End PBXFileReference section */

/* Begin PBXGroup section */
		3EF30161C5E25629F9EDD182 = {
			isa = PBXGroup;
			children = (
				447308C59E658C3B6CD0323F /* Resources */,
				72C2A9F5BAE46DAAB9C68D3E /* Sources */,
				C2AE2356A8126EF42B72489C /* Products */,
			);
			sourceTree = "<group>";
		};
		447308C59E658C3B6CD0323F /* Resources */ = {
			isa = PBXGroup;
			children = (
				03EBB0C2801A5659B679DAF1 /* Assets.xcassets */,
				9330608E43B74A95E9604D91 /* CardPro.entitlements */,
				FBBBA32929D7BBB36F0C12E3 /* Info.plist */,
			);
			name = Resources;
			path = CardPro/Resources;
			sourceTree = "<group>";
		};
		72C2A9F5BAE46DAAB9C68D3E /* Sources */ = {
			isa = PBXGroup;
			children = (
				9790FABA2BC47A8A63F5CE72 /* App */,
				D8DF1BF61BF8898F2D3F1440 /* Models */,
				91D21E6A4ABD01E2AB1F3660 /* Services */,
				C1AFE264501234063578ACB7 /* Utils */,
				F7979B49E5AAFD415DA517A2 /* Views */,
			);
			name = Sources;
			path = CardPro/Sources;
			sourceTree = "<group>";
		};
		91D21E6A4ABD01E2AB1F3660 /* Services */ = {
			isa = PBXGroup;
			children = (
				F21B40C2458885716F9FFACF /* ContactsService.swift */,
				512E7C56D2FD953887BA82A2 /* NFCService.swift */,
			);
			path = Services;
			sourceTree = "<group>";
		};
		9790FABA2BC47A8A63F5CE72 /* App */ = {
			isa = PBXGroup;
			children = (
				988BC52E348CB9BC7340868B /* CardProApp.swift */,
			);
			path = App;
			sourceTree = "<group>";
		};
		C1AFE264501234063578ACB7 /* Utils */ = {
			isa = PBXGroup;
			children = (
			);
			path = Utils;
			sourceTree = "<group>";
		};
		C2AE2356A8126EF42B72489C /* Products */ = {
			isa = PBXGroup;
			children = (
				2B7DCEDD6A592ED0D90A27DD /* CardPro.app */,
			);
			name = Products;
			sourceTree = "<group>";
		};
		D8DF1BF61BF8898F2D3F1440 /* Models */ = {
			isa = PBXGroup;
			children = (
				B30C7FC0E2236307B5CE94B4 /* BusinessCard.swift */,
				D3C6C0766FF615CC87D9B306 /* ReceivedContact.swift */,
			);
			path = Models;
			sourceTree = "<group>";
		};
		F7979B49E5AAFD415DA517A2 /* Views */ = {
			isa = PBXGroup;
			children = (
				145C50B929450D79EDE36283 /* CardEditorView.swift */,
				678FA74B2A9F9EE75F85DB4A /* CardPreviewView.swift */,
				1734F2FA8725752664126DF9 /* ContentView.swift */,
				897B542F1003CDC1EF2077B8 /* MyCardsView.swift */,
				B770527BE8C34D743D83CC86 /* ReceivedCardsView.swift */,
				2F8471DDC22D9BDF440FB431 /* SettingsView.swift */,
				EAE4F1FDD7991DFC4CC3D1AF /* ShareSheet.swift */,
			);
			path = Views;
			sourceTree = "<group>";
		};
/* End PBXGroup section */

/* Begin PBXNativeTarget section */
		068039BC1A648013EBFF531B /* CardPro */ = {
			isa = PBXNativeTarget;
			buildConfigurationList = 8B8FD955622FB44D8F2D8695 /* Build configuration list for PBXNativeTarget "CardPro" */;
			buildPhases = (
				1BED2030269E63DFCCDED208 /* Sources */,
				5102CE7B7093441BFA028D40 /* Resources */,
			);
			buildRules = (
			);
			dependencies = (
			);
			name = CardPro;
			packageProductDependencies = (
			);
			productName = CardPro;
			productReference = 2B7DCEDD6A592ED0D90A27DD /* CardPro.app */;
			productType = "com.apple.product-type.application";
		};
/* End PBXNativeTarget section */

/* Begin PBXProject section */
		DD7C636856BC815007BB169E /* Project object */ = {
			isa = PBXProject;
			attributes = {
				BuildIndependentTargetsInParallel = YES;
				LastUpgradeCheck = 1500;
				TargetAttributes = {
					068039BC1A648013EBFF531B = {
						DevelopmentTeam = "";
						ProvisioningStyle = Automatic;
					};
				};
			};
			buildConfigurationList = 04BA031810F380A7E3FBF893 /* Build configuration list for PBXProject "CardPro" */;
			compatibilityVersion = "Xcode 14.0";
			developmentRegion = en;
			hasScannedForEncodings = 0;
			knownRegions = (
				Base,
				en,
			);
			mainGroup = 3EF30161C5E25629F9EDD182;
			minimizedProjectReferenceProxies = 1;
			preferredProjectObjectVersion = 77;
			projectDirPath = "";
			projectRoot = "";
			targets = (
				068039BC1A648013EBFF531B /* CardPro */,
			);
		};
/* End PBXProject section */

/* Begin PBXResourcesBuildPhase section */
		5102CE7B7093441BFA028D40 /* Resources */ = {
			isa = PBXResourcesBuildPhase;
			buildActionMask = 2147483647;
			files = (
				213698EB86DE745D49E75A62 /* Assets.xcassets in Resources */,
			);
			runOnlyForDeploymentPostprocessing = 0;
		};
/* End PBXResourcesBuildPhase section */

/* Begin PBXSourcesBuildPhase section */
		1BED2030269E63DFCCDED208 /* Sources */ = {
			isa = PBXSourcesBuildPhase;
			buildActionMask = 2147483647;
			files = (
				3803DC5028930B0655031256 /* BusinessCard.swift in Sources */,
				A6B0D9880B53B0201D683667 /* CardEditorView.swift in Sources */,
				1A17CD52A686B061B18792FB /* CardPreviewView.swift in Sources */,
				B07B32B98B3C69CDD5537E18 /* CardProApp.swift in Sources */,
				14361BD3D163F5B418BC1D9E /* ContactsService.swift in Sources */,
				82189106E477ACECDA9DF78C /* ContentView.swift in Sources */,
				A33353A119310E1ECCA31506 /* MyCardsView.swift in Sources */,
				EAAD352DB3CD4E0648410A38 /* NFCService.swift in Sources */,
				0856EA51C44E34FDA718DAE5 /* ReceivedCardsView.swift in Sources */,
				6DFEE41C920C5BD92FA944D9 /* ReceivedContact.swift in Sources */,
				1F553BC42CEBF141725F92FA /* SettingsView.swift in Sources */,
				F615356A472646905892F037 /* ShareSheet.swift in Sources */,
			);
			runOnlyForDeploymentPostprocessing = 0;
		};
/* End PBXSourcesBuildPhase section */

/* Begin XCBuildConfiguration section */
		2FC3AB4BE6727247BD65D6AE /* Release */ = {
			isa = XCBuildConfiguration;
			buildSettings = {
				ASSETCATALOG_COMPILER_APPICON_NAME = AppIcon;
				ASSETCATALOG_COMPILER_GLOBAL_ACCENT_COLOR_NAME = AccentColor;
				CODE_SIGN_ENTITLEMENTS = CardPro/Resources/CardPro.entitlements;
				CODE_SIGN_IDENTITY = "iPhone Developer";
				ENABLE_PREVIEWS = YES;
				INFOPLIST_FILE = CardPro/Resources/Info.plist;
				LD_RUNPATH_SEARCH_PATHS = (
					"$(inherited)",
					"@executable_path/Frameworks",
				);
				PRODUCT_BUNDLE_IDENTIFIER = com.irisgo.cardpro;
				SDKROOT = iphoneos;
				TARGETED_DEVICE_FAMILY = "1,2";
			};
			name = Release;
		};
		4B6E49A58ED883269528B9DC /* Release */ = {
			isa = XCBuildConfiguration;
			buildSettings = {
				ALWAYS_SEARCH_USER_PATHS = NO;
				CLANG_ANALYZER_NONNULL = YES;
				CLANG_ANALYZER_NUMBER_OBJECT_CONVERSION = YES_AGGRESSIVE;
				CLANG_CXX_LANGUAGE_STANDARD = "gnu++14";
				CLANG_CXX_LIBRARY = "libc++";
				CLANG_ENABLE_MODULES = YES;
				CLANG_ENABLE_OBJC_ARC = YES;
				CLANG_ENABLE_OBJC_WEAK = YES;
				CLANG_WARN_BLOCK_CAPTURE_AUTORELEASING = YES;
				CLANG_WARN_BOOL_CONVERSION = YES;
				CLANG_WARN_COMMA = YES;
				CLANG_WARN_CONSTANT_CONVERSION = YES;
				CLANG_WARN_DEPRECATED_OBJC_IMPLEMENTATIONS = YES;
				CLANG_WARN_DIRECT_OBJC_ISA_USAGE = YES_ERROR;
				CLANG_WARN_DOCUMENTATION_COMMENTS = YES;
				CLANG_WARN_EMPTY_BODY = YES;
				CLANG_WARN_ENUM_CONVERSION = YES;
				CLANG_WARN_INFINITE_RECURSION = YES;
				CLANG_WARN_INT_CONVERSION = YES;
				CLANG_WARN_NON_LITERAL_NULL_CONVERSION = YES;
				CLANG_WARN_OBJC_IMPLICIT_RETAIN_SELF = YES;
				CLANG_WARN_OBJC_LITERAL_CONVERSION = YES;
				CLANG_WARN_OBJC_ROOT_CLASS = YES_ERROR;
				CLANG_WARN_QUOTED_INCLUDE_IN_FRAMEWORK_HEADER = YES;
				CLANG_WARN_RANGE_LOOP_ANALYSIS = YES;
				CLANG_WARN_STRICT_PROTOTYPES = YES;
				CLANG_WARN_SUSPICIOUS_MOVE = YES;
				CLANG_WARN_UNGUARDED_AVAILABILITY = YES_AGGRESSIVE;
				CLANG_WARN_UNREACHABLE_CODE = YES;
				CLANG_WARN__DUPLICATE_METHOD_MATCH = YES;
				CODE_SIGN_STYLE = Automatic;
				COPY_PHASE_STRIP = NO;
				CURRENT_PROJECT_VERSION = 1;
				DEBUG_INFORMATION_FORMAT = "dwarf-with-dsym";
				DEVELOPMENT_TEAM = "";
				ENABLE_NS_ASSERTIONS = NO;
				ENABLE_STRICT_OBJC_MSGSEND = YES;
				GCC_C_LANGUAGE_STANDARD = gnu11;
				GCC_NO_COMMON_BLOCKS = YES;
				GCC_WARN_64_TO_32_BIT_CONVERSION = YES;
				GCC_WARN_ABOUT_RETURN_TYPE = YES_ERROR;
				GCC_WARN_UNDECLARED_SELECTOR = YES;
				GCC_WARN_UNINITIALIZED_AUTOS = YES_AGGRESSIVE;
				GCC_WARN_UNUSED_FUNCTION = YES;
				GCC_WARN_UNUSED_VARIABLE = YES;
				IPHONEOS_DEPLOYMENT_TARGET = 17.0;
				MARKETING_VERSION = 1.0.0;
				MTL_ENABLE_DEBUG_INFO = NO;
				MTL_FAST_MATH = YES;
				PRODUCT_NAME = "$(TARGET_NAME)";
				SDKROOT = iphoneos;
				SWIFT_COMPILATION_MODE = wholemodule;
				SWIFT_OPTIMIZATION_LEVEL = "-O";
				SWIFT_VERSION = 5.9;
			};
			name = Release;
		};
		B0F17D69FA093C76030B1D78 /* Debug */ = {
			isa = XCBuildConfiguration;
			buildSettings = {
				ASSETCATALOG_COMPILER_APPICON_NAME = AppIcon;
				ASSETCATALOG_COMPILER_GLOBAL_ACCENT_COLOR_NAME = AccentColor;
				CODE_SIGN_ENTITLEMENTS = CardPro/Resources/CardPro.entitlements;
				CODE_SIGN_IDENTITY = "iPhone Developer";
				ENABLE_PREVIEWS = YES;
				INFOPLIST_FILE = CardPro/Resources/Info.plist;
				LD_RUNPATH_SEARCH_PATHS = (
					"$(inherited)",
					"@executable_path/Frameworks",
				);
				PRODUCT_BUNDLE_IDENTIFIER = com.irisgo.cardpro;
				SDKROOT = iphoneos;
				TARGETED_DEVICE_FAMILY = "1,2";
			};
			name = Debug;
		};
		C8476C5456A2FA5C2575962C /* Debug */ = {
			isa = XCBuildConfiguration;
			buildSettings = {
				ALWAYS_SEARCH_USER_PATHS = NO;
				CLANG_ANALYZER_NONNULL = YES;
				CLANG_ANALYZER_NUMBER_OBJECT_CONVERSION = YES_AGGRESSIVE;
				CLANG_CXX_LANGUAGE_STANDARD = "gnu++14";
				CLANG_CXX_LIBRARY = "libc++";
				CLANG_ENABLE_MODULES = YES;
				CLANG_ENABLE_OBJC_ARC = YES;
				CLANG_ENABLE_OBJC_WEAK = YES;
				CLANG_WARN_BLOCK_CAPTURE_AUTORELEASING = YES;
				CLANG_WARN_BOOL_CONVERSION = YES;
				CLANG_WARN_COMMA = YES;
				CLANG_WARN_CONSTANT_CONVERSION = YES;
				CLANG_WARN_DEPRECATED_OBJC_IMPLEMENTATIONS = YES;
				CLANG_WARN_DIRECT_OBJC_ISA_USAGE = YES_ERROR;
				CLANG_WARN_DOCUMENTATION_COMMENTS = YES;
				CLANG_WARN_EMPTY_BODY = YES;
				CLANG_WARN_ENUM_CONVERSION = YES;
				CLANG_WARN_INFINITE_RECURSION = YES;
				CLANG_WARN_INT_CONVERSION = YES;
				CLANG_WARN_NON_LITERAL_NULL_CONVERSION = YES;
				CLANG_WARN_OBJC_IMPLICIT_RETAIN_SELF = YES;
				CLANG_WARN_OBJC_LITERAL_CONVERSION = YES;
				CLANG_WARN_OBJC_ROOT_CLASS = YES_ERROR;
				CLANG_WARN_QUOTED_INCLUDE_IN_FRAMEWORK_HEADER = YES;
				CLANG_WARN_RANGE_LOOP_ANALYSIS = YES;
				CLANG_WARN_STRICT_PROTOTYPES = YES;
				CLANG_WARN_SUSPICIOUS_MOVE = YES;
				CLANG_WARN_UNGUARDED_AVAILABILITY = YES_AGGRESSIVE;
				CLANG_WARN_UNREACHABLE_CODE = YES;
				CLANG_WARN__DUPLICATE_METHOD_MATCH = YES;
				CODE_SIGN_STYLE = Automatic;
				COPY_PHASE_STRIP = NO;
				CURRENT_PROJECT_VERSION = 1;
				DEBUG_INFORMATION_FORMAT = dwarf;
				DEVELOPMENT_TEAM = "";
				ENABLE_STRICT_OBJC_MSGSEND = YES;
				ENABLE_TESTABILITY = YES;
				GCC_C_LANGUAGE_STANDARD = gnu11;
				GCC_DYNAMIC_NO_PIC = NO;
				GCC_NO_COMMON_BLOCKS = YES;
				GCC_OPTIMIZATION_LEVEL = 0;
				GCC_PREPROCESSOR_DEFINITIONS = (
					"$(inherited)",
					"DEBUG=1",
				);
				GCC_WARN_64_TO_32_BIT_CONVERSION = YES;
				GCC_WARN_ABOUT_RETURN_TYPE = YES_ERROR;
				GCC_WARN_UNDECLARED_SELECTOR = YES;
				GCC_WARN_UNINITIALIZED_AUTOS = YES_AGGRESSIVE;
				GCC_WARN_UNUSED_FUNCTION = YES;
				GCC_WARN_UNUSED_VARIABLE = YES;
				IPHONEOS_DEPLOYMENT_TARGET = 17.0;
				MARKETING_VERSION = 1.0.0;
				MTL_ENABLE_DEBUG_INFO = INCLUDE_SOURCE;
				MTL_FAST_MATH = YES;
				ONLY_ACTIVE_ARCH = YES;
				PRODUCT_NAME = "$(TARGET_NAME)";
				SDKROOT = iphoneos;
				SWIFT_ACTIVE_COMPILATION_CONDITIONS = DEBUG;
				SWIFT_OPTIMIZATION_LEVEL = "-Onone";
				SWIFT_VERSION = 5.9;
			};
			name = Debug;
		};
/* End XCBuildConfiguration section */

/* Begin XCConfigurationList section */
		04BA031810F380A7E3FBF893 /* Build configuration list for PBXProject "CardPro" */ = {
			isa = XCConfigurationList;
			buildConfigurations = (
				C8476C5456A2FA5C2575962C /* Debug */,
				4B6E49A58ED883269528B9DC /* Release */,
			);
			defaultConfigurationIsVisible = 0;
			defaultConfigurationName = Debug;
		};
		8B8FD955622FB44D8F2D8695 /* Build configuration list for PBXNativeTarget "CardPro" */ = {
			isa = XCConfigurationList;
			buildConfigurations = (
				B0F17D69FA093C76030B1D78 /* Debug */,
				2FC3AB4BE6727247BD65D6AE /* Release */,
			);
			defaultConfigurationIsVisible = 0;
			defaultConfigurationName = Debug;
		};
/* End XCConfigurationList section */
	};
	rootObject = DD7C636856BC815007BB169E /* Project object */;
}
